
Microsoft Visual Studio Solution File, Format Version 12.00
# Visual Studio 15
VisualStudioVersion = 15.0.28307.572
MinimumVisualStudioVersion = 10.0.40219.1
Project("{FAE04EC0-301F-11D3-BF4B-00C04F79EFBC}") = "ECommerce.Sample", "ECommerce.Sample\ECommerce.Sample.csproj", "{B87D4936-5A15-4C6A-BF2C-E06AFAC146D0}"
EndProject
Project("{FAE04EC0-301F-11D3-BF4B-00C04F79EFBC}") = "ECommerce.Entity", "ECommerce.Entity\ECommerce.Entity.csproj", "{73C26F4F-DCBF-4A67-A281-72C8F1F9CC27}"
EndProject
Global
	GlobalSection(SolutionConfigurationPlatforms) = preSolution
		Debug|Any CPU = Debug|Any CPU
		Release|Any CPU = Release|Any CPU
	EndGlobalSection
	GlobalSection(ProjectConfigurationPlatforms) = postSolution
		{B87D4936-5A15-4C6A-BF2C-E06AFAC146D0}.Debug|Any CPU.ActiveCfg = Debug|Any CPU
		{B87D4936-5A15-4C6A-BF2C-E06AFAC146D0}.Debug|Any CPU.Build.0 = Debug|Any CPU
		{B87D4936-5A15-4C6A-BF2C-E06AFAC146D0}.Release|Any CPU.ActiveCfg = Release|Any CPU
		{B87D4936-5A15-4C6A-BF2C-E06AFAC146D0}.Release|Any CPU.Build.0 = Release|Any CPU
		{73C26F4F-DCBF-4A67-A281-72C8F1F9CC27}.Debug|Any CPU.ActiveCfg = Debug|Any CPU
		{73C26F4F-DCBF-4A67-A281-72C8F1F9CC27}.Debug|Any CPU.Build.0 = Debug|Any CPU
		{73C26F4F-DCBF-4A67-A281-72C8F1F9CC27}.Release|Any CPU.ActiveCfg = Release|Any CPU
		{73C26F4F-DCBF-4A67-A281-72C8F1F9CC27}.Release|Any CPU.Build.0 = Release|Any CPU
	EndGlobalSection
	GlobalSection(SolutionProperties) = preSolution
		HideSolutionNode = FALSE
	EndGlobalSection
	GlobalSection(ExtensibilityGlobals) = postSolution
		SolutionGuid = {075F47E4-BCD8-4B46-A085-98F6565D87E4}
	EndGlobalSection
EndGlobal
